lockfileVersion: '9.0'

settings:
  autoInstallPeers: true
  excludeLinksFromLockfile: false

importers:

  .:
    dependencies:
      '@subicura/vitepress-theme':
        specifier: ^1.0.7
        version: 1.0.7(@algolia/client-search@5.13.0)(search-insights@2.17.2)(vue@3.5.12)
      medium-zoom:
        specifier: ^1.0.6
        version: 1.1.0
      sitemap:
        specifier: ^7.1.1
        version: 7.1.2
      vitepress:
        specifier: v1.0.0-alpha.13
        version: 1.0.0-alpha.13(@algolia/client-search@5.13.0)(@types/node@17.0.45)(search-insights@2.17.2)(terser@5.36.0)
      vue:
        specifier: ^3.2.37
        version: 3.5.12
    devDependencies:
      rimraf:
        specifier: ^3.0.2
        version: 3.0.2
      terser:
        specifier: ^5.14.2
        version: 5.36.0

packages:

  '@algolia/autocomplete-core@1.17.6':
    resolution: {integrity: sha512-lkDoW4I7h2kKlIgf3pUt1LqvxyYKkVyiypoGLlUnhPSnCpmeOwudM6rNq6YYsCmdQtnDQoW5lUNNuj6ASg3qeg==}

  '@algolia/autocomplete-plugin-algolia-insights@1.17.6':
    resolution: {integrity: sha512-17NnaacuFzSWVuZu4NKzVeaFIe9Abpw8w+/gjc7xhZFtqj+GadufzodIdchwiB2eM2cDdiR3icW7gbNTB3K2YA==}
    peerDependencies:
      search-insights: '>= 1 < 3'

  '@algolia/autocomplete-preset-algolia@1.17.6':
    resolution: {integrity: sha512-Cvg5JENdSCMuClwhJ1ON1/jSuojaYMiUW2KePm18IkdCzPJj/NXojaOxw58RFtQFpJgfVW8h2E8mEoDtLlMdeA==}
    peerDependencies:
      '@algolia/client-search': '>= 4.9.1 < 6'
      algoliasearch: '>= 4.9.1 < 6'

  '@algolia/autocomplete-shared@1.17.6':
    resolution: {integrity: sha512-aq/3V9E00Tw2GC/PqgyPGXtqJUlVc17v4cn1EUhSc+O/4zd04Uwb3UmPm8KDaYQQOrkt1lwvCj2vG2wRE5IKhw==}
    peerDependencies:
      '@algolia/client-search': '>= 4.9.1 < 6'
      algoliasearch: '>= 4.9.1 < 6'

  '@algolia/client-abtesting@5.13.0':
    resolution: {integrity: sha512-6CoQjlMi1pmQYMQO8tXfuGxSPf6iKX5FP9MuMe6IWmvC81wwTvOehnwchyBl2wuPVhcw2Ar53K53mQ60DAC64g==}
    engines: {node: '>= 14.0.0'}

  '@algolia/client-analytics@5.13.0':
    resolution: {integrity: sha512-pS3qyXiWTwKnrt/jE79fqkNqZp7kjsFNlJDcBGkSWid74DNc6DmArlkvPqyLxnoaYGjUGACT6g56n7E3mVV2TA==}
    engines: {node: '>= 14.0.0'}

  '@algolia/client-common@5.13.0':
    resolution: {integrity: sha512-2SP6bGGWOTN920MLZv8s7yIR3OqY03vEe4U+vb2MGdL8a/8EQznF3L/nTC/rGf/hvEfZlX2tGFxPJaF2waravg==}
    engines: {node: '>= 14.0.0'}

  '@algolia/client-insights@5.13.0':
    resolution: {integrity: sha512-ldHTe+LVgC6L4Wr6doAQQ7Ku0jAdhaaPg1T+IHzmmiRZb2Uq5OsjW2yC65JifOmzPCiMkIZE2mGRpWgkn5ktlw==}
    engines: {node: '>= 14.0.0'}

  '@algolia/client-personalization@5.13.0':
    resolution: {integrity: sha512-RnCfOSN4OUJDuMNHFca2M8lY64Tmw0kQOZikge4TknTqHmlbKJb8IbJE7Rol79Z80W2Y+B1ydcjV7DPje4GMRA==}
    engines: {node: '>= 14.0.0'}

  '@algolia/client-query-suggestions@5.13.0':
    resolution: {integrity: sha512-pYo0jbLUtPDN1r341UHTaF2fgN5rbaZfDZqjPRKPM+FRlRmxFxqFQm1UUfpkSUWYGn7lECwDpbKYiKUf81MTwA==}
    engines: {node: '>= 14.0.0'}

  '@algolia/client-search@5.13.0':
    resolution: {integrity: sha512-s2ge3uZ6Zg2sPSFibqijgEYsuorxcc8KVHg3I95nOPHvFHdnBtSHymhZvq4sp/fu8ijt/Y8jLwkuqm5myn+2Sg==}
    engines: {node: '>= 14.0.0'}

  '@algolia/ingestion@1.13.0':
    resolution: {integrity: sha512-fm5LEOe4FPDOc1D+M9stEs8hfcdmbdD+pt9og5shql6ueTZJANDbFoQhDOpiPJizR/ps1GwmjkWfUEywx3sV+Q==}
    engines: {node: '>= 14.0.0'}

  '@algolia/monitoring@1.13.0':
    resolution: {integrity: sha512-e8Hshlnm2G5fapyUgWTBwhJ22yXcnLtPC4LWZKx7KOvv35GcdoHtlUBX94I/sWCJLraUr65JvR8qOo3LXC43dg==}
    engines: {node: '>= 14.0.0'}

  '@algolia/recommend@5.13.0':
    resolution: {integrity: sha512-53/wW96oaj1FKMzGdFcZ/epygfTppLDUvgI1thLkd475EtVZCH3ZZVUNCEvf1AtnNyH1RnItkFzX8ayWCpx2PQ==}
    engines: {node: '>= 14.0.0'}

  '@algolia/requester-browser-xhr@5.13.0':
    resolution: {integrity: sha512-NV6oSCt5lFuzfsVQoSBpewEWf/h4ySr7pv2bfwu9yF/jc/g39pig8+YpuqsxlRWBm/lTGVA2V0Ai9ySwrNumIA==}
    engines: {node: '>= 14.0.0'}

  '@algolia/requester-fetch@5.13.0':
    resolution: {integrity: sha512-094bK4rumf+rXJazxv3mq6eKRM0ep5AxIo8T0YmOdldswQt79apeufFiPLN19nHEWH22xR2FelimD+T/wRSP+Q==}
    engines: {node: '>= 14.0.0'}

  '@algolia/requester-node-http@5.13.0':
    resolution: {integrity: sha512-JY5xhEYMgki53Wm+A6R2jUpOUdD0zZnBq+PC5R1TGMNOYL1s6JjDrJeMsvaI2YWxYMUSoCnRoltN/yf9RI8n3A==}
    engines: {node: '>= 14.0.0'}

  '@babel/helper-string-parser@7.25.9':
    resolution: {integrity: sha512-4A/SCr/2KLd5jrtOMFzaKjVtAei3+2r/NChoBNoZ3EyP/+GlhoaEGoWOZUmFmoITP7zOJyHIMm+DYRd8o3PvHA==}
    engines: {node: '>=6.9.0'}

  '@babel/helper-validator-identifier@7.25.9':
    resolution: {integrity: sha512-Ed61U6XJc3CVRfkERJWDz4dJwKe7iLmmJsbOGu9wSloNSFttHV0I8g6UAgb7qnK5ly5bGLPd4oXZlxCdANBOWQ==}
    engines: {node: '>=6.9.0'}

  '@babel/parser@7.26.2':
    resolution: {integrity: sha512-DWMCZH9WA4Maitz2q21SRKHo9QXZxkDsbNZoVD62gusNtNBBqDg9i7uOhASfTfIGNzW+O+r7+jAlM8dwphcJKQ==}
    engines: {node: '>=6.0.0'}
    hasBin: true

  '@babel/types@7.26.0':
    resolution: {integrity: sha512-Z/yiTPj+lDVnF7lWeKCIJzaIkI0vYO87dMpZ4bg4TDrFe4XXLFWL1TbXU27gBP3QccxV9mZICCrnjnYlJjXHOA==}
    engines: {node: '>=6.9.0'}

  '@docsearch/css@3.7.0':
    resolution: {integrity: sha512-1OorbTwi1eeDmr0v5t+ckSRlt1zM5GHjm92iIl3kUu7im3GHuP+csf6E0WBg8pdXQczTWP9J9+o9n+Vg6DH5cQ==}

  '@docsearch/js@3.7.0':
    resolution: {integrity: sha512-ScfqOIKrSr8SImbpxVaD59xc/bytbL8QEM2GUpe3aICmoICflWp5DyTRzAdFky16HY+yEOAVZXt3COXQ1NOCWw==}

  '@docsearch/react@3.7.0':
    resolution: {integrity: sha512-8e6tdDfkYoxafEEPuX5eE1h9cTkLvhe4KgoFkO5JCddXSQONnN1FHcDZRI4r8894eMpbYq6rdJF0dVYh8ikwNQ==}
    peerDependencies:
      '@types/react': '>= 16.8.0 < 19.0.0'
      react: '>= 16.8.0 < 19.0.0'
      react-dom: '>= 16.8.0 < 19.0.0'
      search-insights: '>= 1 < 3'
    peerDependenciesMeta:
      '@types/react':
        optional: true
      react:
        optional: true
      react-dom:
        optional: true
      search-insights:
        optional: true

  '@esbuild/android-arm@0.15.18':
    resolution: {integrity: sha512-5GT+kcs2WVGjVs7+boataCkO5Fg0y4kCjzkB5bAip7H4jfnOS3dA6KPiww9W1OEKTKeAcUVhdZGvgI65OXmUnw==}
    engines: {node: '>=12'}
    cpu: [arm]
    os: [android]

  '@esbuild/linux-loong64@0.15.18':
    resolution: {integrity: sha512-L4jVKS82XVhw2nvzLg/19ClLWg0y27ulRwuP7lcyL6AbUWB5aPglXY3M21mauDQMDfRLs8cQmeT03r/+X3cZYQ==}
    engines: {node: '>=12'}
    cpu: [loong64]
    os: [linux]

  '@jridgewell/gen-mapping@0.3.5':
    resolution: {integrity: sha512-IzL8ZoEDIBRWEzlCcRhOaCupYyN5gdIK+Q6fbFdPDg6HqX6jpkItn7DFIpW9LQzXG6Df9sA7+OKnq0qlz/GaQg==}
    engines: {node: '>=6.0.0'}

  '@jridgewell/resolve-uri@3.1.2':
    resolution: {integrity: sha512-bRISgCIjP20/tbWSPWMEi54QVPRZExkuD9lJL+UIxUKtwVJA8wW1Trb1jMs1RFXo1CBTNZ/5hpC9QvmKWdopKw==}
    engines: {node: '>=6.0.0'}

  '@jridgewell/set-array@1.2.1':
    resolution: {integrity: sha512-R8gLRTZeyp03ymzP/6Lil/28tGeGEzhx1q2k703KGWRAI1VdvPIXdG70VJc2pAMw3NA6JKL5hhFu1sJX0Mnn/A==}
    engines: {node: '>=6.0.0'}

  '@jridgewell/source-map@0.3.6':
    resolution: {integrity: sha512-1ZJTZebgqllO79ue2bm3rIGud/bOe0pP5BjSRCRxxYkEZS8STV7zN84UBbiYu7jy+eCKSnVIUgoWWE/tt+shMQ==}

  '@jridgewell/sourcemap-codec@1.5.0':
    resolution: {integrity: sha512-gv3ZRaISU3fjPAgNsriBRqGWQL6quFx04YMPW/zD8XMLsU32mhCCbfbO6KZFLjvYpCZ8zyDEgqsgf+PwPaM7GQ==}

  '@jridgewell/trace-mapping@0.3.25':
    resolution: {integrity: sha512-vNk6aEwybGtawWmy/PzwnGDOjCkLWSD2wqvjGGAgOAwCGWySYXfYoxt00IJkTF+8Lb57DwOb3Aa0o9CApepiYQ==}

  '@subicura/vitepress-theme@1.0.7':
    resolution: {integrity: sha512-XTy59I7pm9X6EIGzooXrRkytj8F7FMGE00Auciwgd+Dzm7QBe5ONCgu3G1aDyAaBO/+fN2N54jyr8xywpAoEUw==}

  '@types/node@17.0.45':
    resolution: {integrity: sha512-w+tIMs3rq2afQdsPJlODhoUEKzFP1ayaoyl1CcnwtIlsVe7K7bA1NGm4s3PraqTLlXnbIN84zuBlxBWo1u9BLw==}

  '@types/sax@1.2.7':
    resolution: {integrity: sha512-rO73L89PJxeYM3s3pPPjiPgVVcymqU490g0YO5n5By0k2Erzj6tay/4lr1CHAAU4JyOWd1rpQ8bCf6cZfHU96A==}

  '@types/web-bluetooth@0.0.16':
    resolution: {integrity: sha512-oh8q2Zc32S6gd/j50GowEjKLoOVOwHP/bWVjKJInBwQqdOYMdPrf1oVlelTlyfFK3CKxL1uahMDAr+vy8T7yMQ==}

  '@vitejs/plugin-vue@3.2.0':
    resolution: {integrity: sha512-E0tnaL4fr+qkdCNxJ+Xd0yM31UwMkQje76fsDVBBUCoGOUPexu2VDUYHL8P4CwV+zMvWw6nlRw19OnRKmYAJpw==}
    engines: {node: ^14.18.0 || >=16.0.0}
    peerDependencies:
      vite: ^3.0.0
      vue: ^3.2.25

  '@vue/compiler-core@3.5.12':
    resolution: {integrity: sha512-ISyBTRMmMYagUxhcpyEH0hpXRd/KqDU4ymofPgl2XAkY9ZhQ+h0ovEZJIiPop13UmR/54oA2cgMDjgroRelaEw==}

  '@vue/compiler-dom@3.5.12':
    resolution: {integrity: sha512-9G6PbJ03uwxLHKQ3P42cMTi85lDRvGLB2rSGOiQqtXELat6uI4n8cNz9yjfVHRPIu+MsK6TE418Giruvgptckg==}

  '@vue/compiler-sfc@3.5.12':
    resolution: {integrity: sha512-2k973OGo2JuAa5+ZlekuQJtitI5CgLMOwgl94BzMCsKZCX/xiqzJYzapl4opFogKHqwJk34vfsaKpfEhd1k5nw==}

  '@vue/compiler-ssr@3.5.12':
    resolution: {integrity: sha512-eLwc7v6bfGBSM7wZOGPmRavSWzNFF6+PdRhE+VFJhNCgHiF8AM7ccoqcv5kBXA2eWUfigD7byekvf/JsOfKvPA==}

  '@vue/devtools-api@6.6.4':
    resolution: {integrity: sha512-sGhTPMuXqZ1rVOk32RylztWkfXTRhuS7vgAKv0zjqk8gbsHkJ7xfFf+jbySxt7tWObEJwyKaHMikV/WGDiQm8g==}

  '@vue/reactivity@3.5.12':
    resolution: {integrity: sha512-UzaN3Da7xnJXdz4Okb/BGbAaomRHc3RdoWqTzlvd9+WBR5m3J39J1fGcHes7U3za0ruYn/iYy/a1euhMEHvTAg==}

  '@vue/runtime-core@3.5.12':
    resolution: {integrity: sha512-hrMUYV6tpocr3TL3Ad8DqxOdpDe4zuQY4HPY3X/VRh+L2myQO8MFXPAMarIOSGNu0bFAjh1yBkMPXZBqCk62Uw==}

  '@vue/runtime-dom@3.5.12':
    resolution: {integrity: sha512-q8VFxR9A2MRfBr6/55Q3umyoN7ya836FzRXajPB6/Vvuv0zOPL+qltd9rIMzG/DbRLAIlREmnLsplEF/kotXKA==}

  '@vue/server-renderer@3.5.12':
    resolution: {integrity: sha512-I3QoeDDeEPZm8yR28JtY+rk880Oqmj43hreIBVTicisFTx/Dl7JpG72g/X7YF8hnQD3IFhkky5i2bPonwrTVPg==}
    peerDependencies:
      vue: 3.5.12

  '@vue/shared@3.5.12':
    resolution: {integrity: sha512-L2RPSAwUFbgZH20etwrXyVyCBu9OxRSi8T/38QsvnkJyvq2LufW2lDCOzm7t/U9C1mkhJGWYfCuFBCmIuNivrg==}

  '@vueuse/core@9.13.0':
    resolution: {integrity: sha512-pujnclbeHWxxPRqXWmdkKV5OX4Wk4YeK7wusHqRwU0Q7EFusHoqNA/aPhB6KCh9hEqJkLAJo7bb0Lh9b+OIVzw==}

  '@vueuse/metadata@9.13.0':
    resolution: {integrity: sha512-gdU7TKNAUVlXXLbaF+ZCfte8BjRJQWPCa2J55+7/h+yDtzw3vOoGQDRXzI6pyKyo6bXFT5/QoPE4hAknExjRLQ==}

  '@vueuse/shared@9.13.0':
    resolution: {integrity: sha512-UrnhU+Cnufu4S6JLCPZnkWh0WwZGUp72ktOF2DFptMlOs3TOdVv8xJN53zhHGARmVOsz5KqOls09+J1NR6sBKw==}

  acorn@8.14.0:
    resolution: {integrity: sha512-cl669nCJTZBsL97OF4kUQm5g5hC2uihk0NxY3WENAC0TYdILVkAyHymAntgxGkl7K+t0cXIrH5siy5S4XkFycA==}
    engines: {node: '>=0.4.0'}
    hasBin: true

  algoliasearch@5.13.0:
    resolution: {integrity: sha512-04lyQX3Ev/oLYQx+aagamQDXvkUUfX1mwrLrus15+9fNaYj28GDxxEzbwaRfvmHFcZyoxvup7mMtDTTw8SrTEQ==}
    engines: {node: '>= 14.0.0'}

  arg@5.0.2:
    resolution: {integrity: sha512-PYjyFOLKQ9y57JvQ6QLo8dAgNqswh8M1RMJYdQduT6xbWSgK36P/Z/v+p888pM69jMMfS8Xd8F6I1kQ/I9HUGg==}

  balanced-match@1.0.2:
    resolution: {integrity: sha512-3oSeUO0TMV67hN1AmbXsK4yaqU7tjiHlbxRDZOpH0KW9+CeX4bRAaX0Anxt0tx2MrpRpWwQaPwIlISEJhYU5Pw==}

  body-scroll-lock@3.1.5:
    resolution: {integrity: sha512-Yi1Xaml0EvNA0OYWxXiYNqY24AfWkbA6w5vxE7GWxtKfzIbZM+Qw+aSmkgsbWzbHiy/RCSkUZBplVxTA+E4jJg==}

  body-scroll-lock@4.0.0-beta.0:
    resolution: {integrity: sha512-a7tP5+0Mw3YlUJcGAKUqIBkYYGlYxk2fnCasq/FUph1hadxlTRjF+gAcZksxANnaMnALjxEddmSi/H3OR8ugcQ==}

  brace-expansion@1.1.11:
    resolution: {integrity: sha512-iCuPHDFgrHX7H2vEI/5xpz07zSHB00TpugqhmYtVmMO6518mCuRMoOYFldEBl0g187ufozdaHgWKcYFb61qGiA==}

  buffer-from@1.1.2:
    resolution: {integrity: sha512-E+XQCRwSbaaiChtv6k6Dwgc+bx+Bs6vuKJHHl5kox/BaKbhiXzqQOwK4cO22yElGp2OCmjwVhT3HmxgyPGnJfQ==}

  commander@2.20.3:
    resolution: {integrity: sha512-GpVkmM8vF2vQUkj2LvZmD35JxeJOLCwJ9cUkugyk2nuhbv3+mJvpLYYt+0+USMxE+oj+ey/lJEnhZw75x/OMcQ==}

  concat-map@0.0.1:
    resolution: {integrity: sha512-/Srv4dswyQNBfohGpz9o6Yb3Gz3SrUDqBH5rTuhGR7ahtlbYKnVxw2bCFMRljaA7EXHaXZ8wsHdodFvbkhKmqg==}

  csstype@3.1.3:
    resolution: {integrity: sha512-M1uQkMl8rQK/szD0LNhtqxIPLpimGm8sOBwU7lLnCpSbTyY3yeU1Vc7l4KT5zT4s/yOxHH5O7tIuuLOCnLADRw==}

  entities@4.5.0:
    resolution: {integrity: sha512-V0hjH4dGPh9Ao5p0MoRY6BVqtwCjhz6vI5LT8AJ55H+4g9/4vbHx1I54fS0XuclLhDHArPQCiMjDxjaL8fPxhw==}
    engines: {node: '>=0.12'}

  esbuild-android-64@0.15.18:
    resolution: {integrity: sha512-wnpt3OXRhcjfIDSZu9bnzT4/TNTDsOUvip0foZOUBG7QbSt//w3QV4FInVJxNhKc/ErhUxc5z4QjHtMi7/TbgA==}
    engines: {node: '>=12'}
    cpu: [x64]
    os: [android]

  esbuild-android-arm64@0.15.18:
    resolution: {integrity: sha512-G4xu89B8FCzav9XU8EjsXacCKSG2FT7wW9J6hOc18soEHJdtWu03L3TQDGf0geNxfLTtxENKBzMSq9LlbjS8OQ==}
    engines: {node: '>=12'}
    cpu: [arm64]
    os: [android]

  esbuild-darwin-64@0.15.18:
    resolution: {integrity: sha512-2WAvs95uPnVJPuYKP0Eqx+Dl/jaYseZEUUT1sjg97TJa4oBtbAKnPnl3b5M9l51/nbx7+QAEtuummJZW0sBEmg==}
    engines: {node: '>=12'}
    cpu: [x64]
    os: [darwin]

  esbuild-darwin-arm64@0.15.18:
    resolution: {integrity: sha512-tKPSxcTJ5OmNb1btVikATJ8NftlyNlc8BVNtyT/UAr62JFOhwHlnoPrhYWz09akBLHI9nElFVfWSTSRsrZiDUA==}
    engines: {node: '>=12'}
    cpu: [arm64]
    os: [darwin]

  esbuild-freebsd-64@0.15.18:
    resolution: {integrity: sha512-TT3uBUxkteAjR1QbsmvSsjpKjOX6UkCstr8nMr+q7zi3NuZ1oIpa8U41Y8I8dJH2fJgdC3Dj3CXO5biLQpfdZA==}
    engines: {node: '>=12'}
    cpu: [x64]
    os: [freebsd]

  esbuild-freebsd-arm64@0.15.18:
    resolution: {integrity: sha512-R/oVr+X3Tkh+S0+tL41wRMbdWtpWB8hEAMsOXDumSSa6qJR89U0S/PpLXrGF7Wk/JykfpWNokERUpCeHDl47wA==}
    engines: {node: '>=12'}
    cpu: [arm64]
    os: [freebsd]

  esbuild-linux-32@0.15.18:
    resolution: {integrity: sha512-lphF3HiCSYtaa9p1DtXndiQEeQDKPl9eN/XNoBf2amEghugNuqXNZA/ZovthNE2aa4EN43WroO0B85xVSjYkbg==}
    engines: {node: '>=12'}
    cpu: [ia32]
    os: [linux]

  esbuild-linux-64@0.15.18:
    resolution: {integrity: sha512-hNSeP97IviD7oxLKFuii5sDPJ+QHeiFTFLoLm7NZQligur8poNOWGIgpQ7Qf8Balb69hptMZzyOBIPtY09GZYw==}
    engines: {node: '>=12'}
    cpu: [x64]
    os: [linux]

  esbuild-linux-arm64@0.15.18:
    resolution: {integrity: sha512-54qr8kg/6ilcxd+0V3h9rjT4qmjc0CccMVWrjOEM/pEcUzt8X62HfBSeZfT2ECpM7104mk4yfQXkosY8Quptug==}
    engines: {node: '>=12'}
    cpu: [arm64]
    os: [linux]

  esbuild-linux-arm@0.15.18:
    resolution: {integrity: sha512-UH779gstRblS4aoS2qpMl3wjg7U0j+ygu3GjIeTonCcN79ZvpPee12Qun3vcdxX+37O5LFxz39XeW2I9bybMVA==}
    engines: {node: '>=12'}
    cpu: [arm]
    os: [linux]

  esbuild-linux-mips64le@0.15.18:
    resolution: {integrity: sha512-Mk6Ppwzzz3YbMl/ZZL2P0q1tnYqh/trYZ1VfNP47C31yT0K8t9s7Z077QrDA/guU60tGNp2GOwCQnp+DYv7bxQ==}
    engines: {node: '>=12'}
    cpu: [mips64el]
    os: [linux]

  esbuild-linux-ppc64le@0.15.18:
    resolution: {integrity: sha512-b0XkN4pL9WUulPTa/VKHx2wLCgvIAbgwABGnKMY19WhKZPT+8BxhZdqz6EgkqCLld7X5qiCY2F/bfpUUlnFZ9w==}
    engines: {node: '>=12'}
    cpu: [ppc64]
    os: [linux]

  esbuild-linux-riscv64@0.15.18:
    resolution: {integrity: sha512-ba2COaoF5wL6VLZWn04k+ACZjZ6NYniMSQStodFKH/Pu6RxzQqzsmjR1t9QC89VYJxBeyVPTaHuBMCejl3O/xg==}
    engines: {node: '>=12'}
    cpu: [riscv64]
    os: [linux]

  esbuild-linux-s390x@0.15.18:
    resolution: {integrity: sha512-VbpGuXEl5FCs1wDVp93O8UIzl3ZrglgnSQ+Hu79g7hZu6te6/YHgVJxCM2SqfIila0J3k0csfnf8VD2W7u2kzQ==}
    engines: {node: '>=12'}
    cpu: [s390x]
    os: [linux]

  esbuild-netbsd-64@0.15.18:
    resolution: {integrity: sha512-98ukeCdvdX7wr1vUYQzKo4kQ0N2p27H7I11maINv73fVEXt2kyh4K4m9f35U1K43Xc2QGXlzAw0K9yoU7JUjOg==}
    engines: {node: '>=12'}
    cpu: [x64]
    os: [netbsd]

  esbuild-openbsd-64@0.15.18:
    resolution: {integrity: sha512-yK5NCcH31Uae076AyQAXeJzt/vxIo9+omZRKj1pauhk3ITuADzuOx5N2fdHrAKPxN+zH3w96uFKlY7yIn490xQ==}
    engines: {node: '>=12'}
    cpu: [x64]
    os: [openbsd]

  esbuild-sunos-64@0.15.18:
    resolution: {integrity: sha512-On22LLFlBeLNj/YF3FT+cXcyKPEI263nflYlAhz5crxtp3yRG1Ugfr7ITyxmCmjm4vbN/dGrb/B7w7U8yJR9yw==}
    engines: {node: '>=12'}
    cpu: [x64]
    os: [sunos]

  esbuild-windows-32@0.15.18:
    resolution: {integrity: sha512-o+eyLu2MjVny/nt+E0uPnBxYuJHBvho8vWsC2lV61A7wwTWC3jkN2w36jtA+yv1UgYkHRihPuQsL23hsCYGcOQ==}
    engines: {node: '>=12'}
    cpu: [ia32]
    os: [win32]

  esbuild-windows-64@0.15.18:
    resolution: {integrity: sha512-qinug1iTTaIIrCorAUjR0fcBk24fjzEedFYhhispP8Oc7SFvs+XeW3YpAKiKp8dRpizl4YYAhxMjlftAMJiaUw==}
    engines: {node: '>=12'}
    cpu: [x64]
    os: [win32]

  esbuild-windows-arm64@0.15.18:
    resolution: {integrity: sha512-q9bsYzegpZcLziq0zgUi5KqGVtfhjxGbnksaBFYmWLxeV/S1fK4OLdq2DFYnXcLMjlZw2L0jLsk1eGoB522WXQ==}
    engines: {node: '>=12'}
    cpu: [arm64]
    os: [win32]

  esbuild@0.15.18:
    resolution: {integrity: sha512-x/R72SmW3sSFRm5zrrIjAhCeQSAWoni3CmHEqfQrZIQTM3lVCdehdwuIqaOtfC2slvpdlLa62GYoN8SxT23m6Q==}
    engines: {node: '>=12'}
    hasBin: true

  estree-walker@2.0.2:
    resolution: {integrity: sha512-Rfkk/Mp/DL7JVje3u18FxFujQlTNR2q6QfMSMB7AvCBx91NGj/ba3kCfza0f6dVDbw7YlRf/nDrn7pQrCCyQ/w==}

  fs.realpath@1.0.0:
    resolution: {integrity: sha512-OO0pH2lK6a0hZnAdau5ItzHPI6pUlvI7jMVnxUQRtw4owF2wk8lOSabtGDCTP4Ggrg2MbGnWO9X8K1t4+fGMDw==}

  fsevents@2.3.3:
    resolution: {integrity: sha512-5xoDfX+fL7faATnagmWPpbFtwh/R77WmMMqqHGS65C3vvB0YHrgF+B1YmZ3441tMj5n63k0212XNoJwzlhffQw==}
    engines: {node: ^8.16.0 || ^10.6.0 || >=11.0.0}
    os: [darwin]

  function-bind@1.1.2:
    resolution: {integrity: sha512-7XHNxH7qX9xG5mIwxkhumTox/MIRNcOgDrxWsMt2pAr23WHp6MrRlN7FBSFpCpr+oVO0F744iUgR82nJMfG2SA==}

  glob@7.2.3:
    resolution: {integrity: sha512-nFR0zLpU2YCaRxwoCJvL6UvCH2JFyFVIvwTLsIf21AuHlMskA1hhTdk+LlYJtOlYt9v6dvszD2BGRqBL+iQK9Q==}
    deprecated: Glob versions prior to v9 are no longer supported

  hasown@2.0.2:
    resolution: {integrity: sha512-0hJU9SCPvmMzIBdZFqNPXWa6dqh7WdH0cII9y+CyS8rG3nL48Bclra9HmKhVVUHyPWNH5Y7xDwAB7bfgSjkUMQ==}
    engines: {node: '>= 0.4'}

  inflight@1.0.6:
    resolution: {integrity: sha512-k92I/b08q4wvFscXCLvqfsHCrjrF7yiXsQuIVvVE7N82W3+aqpzuUdBbfhWcy/FZR3/4IgflMgKLOsvPDrGCJA==}
    deprecated: This module is not supported, and leaks memory. Do not use it. Check out lru-cache if you want a good and tested way to coalesce async requests by a key value, which is much more comprehensive and powerful.

  inherits@2.0.4:
    resolution: {integrity: sha512-k/vGaX4/Yla3WzyMCvTQOXYeIHvqOKtnqBduzTHpzpQZzAskKMhZ2K+EnBiSM9zGSoIFeMpXKxa4dYeZIQqewQ==}

  is-core-module@2.15.1:
    resolution: {integrity: sha512-z0vtXSwucUJtANQWldhbtbt7BnL0vxiFjIdDLAatwhDYty2bad6s+rijD6Ri4YuYJubLzIJLUidCh09e1djEVQ==}
    engines: {node: '>= 0.4'}

  jsonc-parser@3.3.1:
    resolution: {integrity: sha512-HUgH65KyejrUFPvHFPbqOY0rsFip3Bo5wb4ngvdi1EpCYWUQDC5V+Y7mZws+DLkr4M//zQJoanu1SP+87Dv1oQ==}

  magic-string@0.30.12:
    resolution: {integrity: sha512-Ea8I3sQMVXr8JhN4z+H/d8zwo+tYDgHE9+5G4Wnrwhs0gaK9fXTKx0Tw5Xwsd/bCPTTZNRAdpyzvoeORe9LYpw==}

  medium-zoom@1.1.0:
    resolution: {integrity: sha512-ewyDsp7k4InCUp3jRmwHBRFGyjBimKps/AJLjRSox+2q/2H4p/PNpQf+pwONWlJiOudkBXtbdmVbFjqyybfTmQ==}

  minimatch@3.1.2:
    resolution: {integrity: sha512-J7p63hRiAjw1NDEww1W7i37+ByIrOWO5XQQAzZ3VOcL0PNybwpfmV/N05zFAzwQ9USyEcX6t3UO+K5aqBQOIHw==}

  nanoid@3.3.7:
    resolution: {integrity: sha512-eSRppjcPIatRIMC1U6UngP8XFcz8MQWGQdt1MTBQ7NaAmvXDfvNxbvWV3x2y6CdEUciCSsDHDQZbhYaB8QEo2g==}
    engines: {node: ^10 || ^12 || ^13.7 || ^14 || >=15.0.1}
    hasBin: true

  normalize.css@8.0.1:
    resolution: {integrity: sha512-qizSNPO93t1YUuUhP22btGOo3chcvDFqFaj2TRybP0DMxkHOCTYwp3n34fel4a31ORXy4m1Xq0Gyqpb5m33qIg==}

  once@1.4.0:
    resolution: {integrity: sha512-lNaJgI+2Q5URQBkccEKHTQOPaXdUxnZZElQTZY0MFUAuaEqe1E+Nyvgdz/aIyNi6Z9MzO5dv1H8n58/GELp3+w==}

  path-is-absolute@1.0.1:
    resolution: {integrity: sha512-AVbw3UJ2e9bq64vSaS9Am0fje1Pa8pbGqTTsmXfaIiMpnr5DlDhfJOuLj9Sf95ZPVDAUerDfEk88MPmPe7UCQg==}
    engines: {node: '>=0.10.0'}

  path-parse@1.0.7:
    resolution: {integrity: sha512-LDJzPVEEEPR+y48z93A0Ed0yXb8pAByGWo/k5YYdYgpY2/2EsOsksJrq7lOHxryrVOn1ejG6oAp8ahvOIQD8sw==}

  picocolors@1.1.1:
    resolution: {integrity: sha512-xceH2snhtb5M9liqDsmEw56le376mTZkEX/jEb/RxNFyegNul7eNslCXP9FDj/Lcu0X8KEyMceP2ntpaHrDEVA==}

  postcss@8.4.49:
    resolution: {integrity: sha512-OCVPnIObs4N29kxTjzLfUryOkvZEq+pf8jTF0lg8E7uETuWHA+v7j3c/xJmiqpX450191LlmZfUKkXxkTry7nA==}
    engines: {node: ^10 || ^12 || >=14}

  preact@10.24.3:
    resolution: {integrity: sha512-Z2dPnBnMUfyQfSQ+GBdsGa16hz35YmLmtTLhM169uW944hYL6xzTYkJjC07j+Wosz733pMWx0fgON3JNw1jJQA==}

  resolve@1.22.8:
    resolution: {integrity: sha512-oKWePCxqpd6FlLvGV1VU0x7bkPmmCNolxzjMf4NczoDnQcIWrAF+cPtZn5i6n+RfD2d9i0tzpKnG6Yk168yIyw==}
    hasBin: true

  rimraf@3.0.2:
    resolution: {integrity: sha512-JZkJMZkAGFFPP2YqXZXPbMlMBgsxzE8ILs4lMIX/2o0L9UBw9O/Y3o6wFw/i9YLapcUJWwqbi3kdxIPdC62TIA==}
    deprecated: Rimraf versions prior to v4 are no longer supported
    hasBin: true

  rollup@2.79.2:
    resolution: {integrity: sha512-fS6iqSPZDs3dr/y7Od6y5nha8dW1YnbgtsyotCVvoFGKbERG++CVRFv1meyGDE1SNItQA8BrnCw7ScdAhRJ3XQ==}
    engines: {node: '>=10.0.0'}
    hasBin: true

  sax@1.4.1:
    resolution: {integrity: sha512-+aWOz7yVScEGoKNd4PA10LZ8sk0A/z5+nXQG5giUO5rprX9jgYsTdov9qCchZiPIZezbZH+jRut8nPodFAX4Jg==}

  search-insights@2.17.2:
    resolution: {integrity: sha512-zFNpOpUO+tY2D85KrxJ+aqwnIfdEGi06UH2+xEb+Bp9Mwznmauqc9djbnBibJO5mpfUPPa8st6Sx65+vbeO45g==}

  shiki@0.11.1:
    resolution: {integrity: sha512-EugY9VASFuDqOexOgXR18ZV+TbFrQHeCpEYaXamO+SZlsnT/2LxuLBX25GGtIrwaEVFXUAbUQ601SWE2rMwWHA==}

  sitemap@7.1.2:
    resolution: {integrity: sha512-ARCqzHJ0p4gWt+j7NlU5eDlIO9+Rkr/JhPFZKKQ1l5GCus7rJH4UdrlVAh0xC/gDS/Qir2UMxqYNHtsKr2rpCw==}
    engines: {node: '>=12.0.0', npm: '>=5.6.0'}
    hasBin: true

  source-map-js@1.2.1:
    resolution: {integrity: sha512-UXWMKhLOwVKb728IUtQPXxfYU+usdybtUrK/8uGE8CQMvrhOpwvzDBwj0QhSL7MQc7vIsISBG8VQ8+IDQxpfQA==}
    engines: {node: '>=0.10.0'}

  source-map-support@0.5.21:
    resolution: {integrity: sha512-uBHU3L3czsIyYXKX88fdrGovxdSCoTGDRZ6SYXtSRxLZUzHg5P/66Ht6uoUlHu9EZod+inXhKo3qQgwXUT/y1w==}

  source-map@0.6.1:
    resolution: {integrity: sha512-UjgapumWlbMhkBgzT7Ykc5YXUT46F0iKu8SGXq0bcwP5dz/h0Plj6enJqjz1Zbq2l5WaqYnrVbwWOWMyF3F47g==}
    engines: {node: '>=0.10.0'}

  supports-preserve-symlinks-flag@1.0.0:
    resolution: {integrity: sha512-ot0WnXS9fgdkgIcePe6RHNk1WA8+muPa6cSjeR3V8K27q9BB1rTE3R1p7Hv0z1ZyAc8s6Vvv8DIyWf681MAt0w==}
    engines: {node: '>= 0.4'}

  terser@5.36.0:
    resolution: {integrity: sha512-IYV9eNMuFAV4THUspIRXkLakHnV6XO7FEdtKjf/mDyrnqUg9LnlOn6/RwRvM9SZjR4GUq8Nk8zj67FzVARr74w==}
    engines: {node: '>=10'}
    hasBin: true

  vite@3.2.11:
    resolution: {integrity: sha512-K/jGKL/PgbIgKCiJo5QbASQhFiV02X9Jh+Qq0AKCRCRKZtOTVi4t6wh75FDpGf2N9rYOnzH87OEFQNaFy6pdxQ==}
    engines: {node: ^14.18.0 || >=16.0.0}
    hasBin: true
    peerDependencies:
      '@types/node': '>= 14'
      less: '*'
      sass: '*'
      stylus: '*'
      sugarss: '*'
      terser: ^5.4.0
    peerDependenciesMeta:
      '@types/node':
        optional: true
      less:
        optional: true
      sass:
        optional: true
      stylus:
        optional: true
      sugarss:
        optional: true
      terser:
        optional: true

  vitepress@1.0.0-alpha.13:
    resolution: {integrity: sha512-gCbKb+6o0g5wHt2yyqBPk7FcvrB+MfwGtg1JMS5p99GTQR87l3b7symCl8o1ecv7MDXwJ2mPB8ZrYNLnQAJxLQ==}
    hasBin: true

  vscode-oniguruma@1.7.0:
    resolution: {integrity: sha512-L9WMGRfrjOhgHSdOYgCt/yRMsXzLDJSL7BPrOZt73gU0iWO4mpqzqQzOz5srxqTvMBaR0XZTSrVWo4j55Rc6cA==}

  vscode-textmate@6.0.0:
    resolution: {integrity: sha512-gu73tuZfJgu+mvCSy4UZwd2JXykjK9zAZsfmDeut5dx/1a7FeTk0XwJsSuqQn+cuMCGVbIBfl+s53X4T19DnzQ==}

  vue-demi@0.14.10:
    resolution: {integrity: sha512-nMZBOwuzabUO0nLgIcc6rycZEebF6eeUfaiQx9+WSk8e29IbLvPU9feI6tqW4kTo3hvoYAJkMh8n8D0fuISphg==}
    engines: {node: '>=12'}
    hasBin: true
    peerDependencies:
      '@vue/composition-api': ^1.0.0-rc.1
      vue: ^3.0.0-0 || ^2.6.0
    peerDependenciesMeta:
      '@vue/composition-api':
        optional: true

  vue@3.5.12:
    resolution: {integrity: sha512-CLVZtXtn2ItBIi/zHZ0Sg1Xkb7+PU32bJJ8Bmy7ts3jxXTcbfsEfBivFYYWz1Hur+lalqGAh65Coin0r+HRUfg==}
    peerDependencies:
      typescript: '*'
    peerDependenciesMeta:
      typescript:
        optional: true

  wrappy@1.0.2:
    resolution: {integrity: sha512-l4Sp/DRseor9wL6EvV2+TuQn63dMkPjZ/sp9XkghTEbV9KlPS1xUsZ3u7/IQO4wxtcFB4bgpQPRcR3QCvezPcQ==}

snapshots:

  '@algolia/autocomplete-core@1.17.6(@algolia/client-search@5.13.0)(algoliasearch@5.13.0)(search-insights@2.17.2)':
    dependencies:
      '@algolia/autocomplete-plugin-algolia-insights': 1.17.6(@algolia/client-search@5.13.0)(algoliasearch@5.13.0)(search-insights@2.17.2)
      '@algolia/autocomplete-shared': 1.17.6(@algolia/client-search@5.13.0)(algoliasearch@5.13.0)
    transitivePeerDependencies:
      - '@algolia/client-search'
      - algoliasearch
      - search-insights

  '@algolia/autocomplete-plugin-algolia-insights@1.17.6(@algolia/client-search@5.13.0)(algoliasearch@5.13.0)(search-insights@2.17.2)':
    dependencies:
      '@algolia/autocomplete-shared': 1.17.6(@algolia/client-search@5.13.0)(algoliasearch@5.13.0)
      search-insights: 2.17.2
    transitivePeerDependencies:
      - '@algolia/client-search'
      - algoliasearch

  '@algolia/autocomplete-preset-algolia@1.17.6(@algolia/client-search@5.13.0)(algoliasearch@5.13.0)':
    dependencies:
      '@algolia/autocomplete-shared': 1.17.6(@algolia/client-search@5.13.0)(algoliasearch@5.13.0)
      '@algolia/client-search': 5.13.0
      algoliasearch: 5.13.0

  '@algolia/autocomplete-shared@1.17.6(@algolia/client-search@5.13.0)(algoliasearch@5.13.0)':
    dependencies:
      '@algolia/client-search': 5.13.0
      algoliasearch: 5.13.0

  '@algolia/client-abtesting@5.13.0':
    dependencies:
      '@algolia/client-common': 5.13.0
      '@algolia/requester-browser-xhr': 5.13.0
      '@algolia/requester-fetch': 5.13.0
      '@algolia/requester-node-http': 5.13.0

  '@algolia/client-analytics@5.13.0':
    dependencies:
      '@algolia/client-common': 5.13.0
      '@algolia/requester-browser-xhr': 5.13.0
      '@algolia/requester-fetch': 5.13.0
      '@algolia/requester-node-http': 5.13.0

  '@algolia/client-common@5.13.0': {}

  '@algolia/client-insights@5.13.0':
    dependencies:
      '@algolia/client-common': 5.13.0
      '@algolia/requester-browser-xhr': 5.13.0
      '@algolia/requester-fetch': 5.13.0
      '@algolia/requester-node-http': 5.13.0

  '@algolia/client-personalization@5.13.0':
    dependencies:
      '@algolia/client-common': 5.13.0
      '@algolia/requester-browser-xhr': 5.13.0
      '@algolia/requester-fetch': 5.13.0
      '@algolia/requester-node-http': 5.13.0

  '@algolia/client-query-suggestions@5.13.0':
    dependencies:
      '@algolia/client-common': 5.13.0
      '@algolia/requester-browser-xhr': 5.13.0
      '@algolia/requester-fetch': 5.13.0
      '@algolia/requester-node-http': 5.13.0

  '@algolia/client-search@5.13.0':
    dependencies:
      '@algolia/client-common': 5.13.0
      '@algolia/requester-browser-xhr': 5.13.0
      '@algolia/requester-fetch': 5.13.0
      '@algolia/requester-node-http': 5.13.0

  '@algolia/ingestion@1.13.0':
    dependencies:
      '@algolia/client-common': 5.13.0
      '@algolia/requester-browser-xhr': 5.13.0
      '@algolia/requester-fetch': 5.13.0
      '@algolia/requester-node-http': 5.13.0

  '@algolia/monitoring@1.13.0':
    dependencies:
      '@algolia/client-common': 5.13.0
      '@algolia/requester-browser-xhr': 5.13.0
      '@algolia/requester-fetch': 5.13.0
      '@algolia/requester-node-http': 5.13.0

  '@algolia/recommend@5.13.0':
    dependencies:
      '@algolia/client-common': 5.13.0
      '@algolia/requester-browser-xhr': 5.13.0
      '@algolia/requester-fetch': 5.13.0
      '@algolia/requester-node-http': 5.13.0

  '@algolia/requester-browser-xhr@5.13.0':
    dependencies:
      '@algolia/client-common': 5.13.0

  '@algolia/requester-fetch@5.13.0':
    dependencies:
      '@algolia/client-common': 5.13.0

  '@algolia/requester-node-http@5.13.0':
    dependencies:
      '@algolia/client-common': 5.13.0

  '@babel/helper-string-parser@7.25.9': {}

  '@babel/helper-validator-identifier@7.25.9': {}

  '@babel/parser@7.26.2':
    dependencies:
      '@babel/types': 7.26.0

  '@babel/types@7.26.0':
    dependencies:
      '@babel/helper-string-parser': 7.25.9
      '@babel/helper-validator-identifier': 7.25.9

  '@docsearch/css@3.7.0': {}

  '@docsearch/js@3.7.0(@algolia/client-search@5.13.0)(search-insights@2.17.2)':
    dependencies:
      '@docsearch/react': 3.7.0(@algolia/client-search@5.13.0)(search-insights@2.17.2)
      preact: 10.24.3
    transitivePeerDependencies:
      - '@algolia/client-search'
      - '@types/react'
      - react
      - react-dom
      - search-insights

  '@docsearch/react@3.7.0(@algolia/client-search@5.13.0)(search-insights@2.17.2)':
    dependencies:
      '@algolia/autocomplete-core': 1.17.6(@algolia/client-search@5.13.0)(algoliasearch@5.13.0)(search-insights@2.17.2)
      '@algolia/autocomplete-preset-algolia': 1.17.6(@algolia/client-search@5.13.0)(algoliasearch@5.13.0)
      '@docsearch/css': 3.7.0
      algoliasearch: 5.13.0
    optionalDependencies:
      search-insights: 2.17.2
    transitivePeerDependencies:
      - '@algolia/client-search'

  '@esbuild/android-arm@0.15.18':
    optional: true

  '@esbuild/linux-loong64@0.15.18':
    optional: true

  '@jridgewell/gen-mapping@0.3.5':
    dependencies:
      '@jridgewell/set-array': 1.2.1
      '@jridgewell/sourcemap-codec': 1.5.0
      '@jridgewell/trace-mapping': 0.3.25

  '@jridgewell/resolve-uri@3.1.2': {}

  '@jridgewell/set-array@1.2.1': {}

  '@jridgewell/source-map@0.3.6':
    dependencies:
      '@jridgewell/gen-mapping': 0.3.5
      '@jridgewell/trace-mapping': 0.3.25

  '@jridgewell/sourcemap-codec@1.5.0': {}

  '@jridgewell/trace-mapping@0.3.25':
    dependencies:
      '@jridgewell/resolve-uri': 3.1.2
      '@jridgewell/sourcemap-codec': 1.5.0

  '@subicura/vitepress-theme@1.0.7(@algolia/client-search@5.13.0)(search-insights@2.17.2)(vue@3.5.12)':
    dependencies:
      '@docsearch/css': 3.7.0
      '@docsearch/js': 3.7.0(@algolia/client-search@5.13.0)(search-insights@2.17.2)
      '@vueuse/core': 9.13.0(vue@3.5.12)
      body-scroll-lock: 3.1.5
      normalize.css: 8.0.1
    transitivePeerDependencies:
      - '@algolia/client-search'
      - '@types/react'
      - '@vue/composition-api'
      - react
      - react-dom
      - search-insights
      - vue

  '@types/node@17.0.45': {}

  '@types/sax@1.2.7':
    dependencies:
      '@types/node': 17.0.45

  '@types/web-bluetooth@0.0.16': {}

  '@vitejs/plugin-vue@3.2.0(vite@3.2.11(@types/node@17.0.45)(terser@5.36.0))(vue@3.5.12)':
    dependencies:
      vite: 3.2.11(@types/node@17.0.45)(terser@5.36.0)
      vue: 3.5.12

  '@vue/compiler-core@3.5.12':
    dependencies:
      '@babel/parser': 7.26.2
      '@vue/shared': 3.5.12
      entities: 4.5.0
      estree-walker: 2.0.2
      source-map-js: 1.2.1

  '@vue/compiler-dom@3.5.12':
    dependencies:
      '@vue/compiler-core': 3.5.12
      '@vue/shared': 3.5.12

  '@vue/compiler-sfc@3.5.12':
    dependencies:
      '@babel/parser': 7.26.2
      '@vue/compiler-core': 3.5.12
      '@vue/compiler-dom': 3.5.12
      '@vue/compiler-ssr': 3.5.12
      '@vue/shared': 3.5.12
      estree-walker: 2.0.2
      magic-string: 0.30.12
      postcss: 8.4.49
      source-map-js: 1.2.1

  '@vue/compiler-ssr@3.5.12':
    dependencies:
      '@vue/compiler-dom': 3.5.12
      '@vue/shared': 3.5.12

  '@vue/devtools-api@6.6.4': {}

  '@vue/reactivity@3.5.12':
    dependencies:
      '@vue/shared': 3.5.12

  '@vue/runtime-core@3.5.12':
    dependencies:
      '@vue/reactivity': 3.5.12
      '@vue/shared': 3.5.12

  '@vue/runtime-dom@3.5.12':
    dependencies:
      '@vue/reactivity': 3.5.12
      '@vue/runtime-core': 3.5.12
      '@vue/shared': 3.5.12
      csstype: 3.1.3

  '@vue/server-renderer@3.5.12(vue@3.5.12)':
    dependencies:
      '@vue/compiler-ssr': 3.5.12
      '@vue/shared': 3.5.12
      vue: 3.5.12

  '@vue/shared@3.5.12': {}

  '@vueuse/core@9.13.0(vue@3.5.12)':
    dependencies:
      '@types/web-bluetooth': 0.0.16
      '@vueuse/metadata': 9.13.0
      '@vueuse/shared': 9.13.0(vue@3.5.12)
      vue-demi: 0.14.10(vue@3.5.12)
    transitivePeerDependencies:
      - '@vue/composition-api'
      - vue

  '@vueuse/metadata@9.13.0': {}

  '@vueuse/shared@9.13.0(vue@3.5.12)':
    dependencies:
      vue-demi: 0.14.10(vue@3.5.12)
    transitivePeerDependencies:
      - '@vue/composition-api'
      - vue

  acorn@8.14.0: {}

  algoliasearch@5.13.0:
    dependencies:
      '@algolia/client-abtesting': 5.13.0
      '@algolia/client-analytics': 5.13.0
      '@algolia/client-common': 5.13.0
      '@algolia/client-insights': 5.13.0
      '@algolia/client-personalization': 5.13.0
      '@algolia/client-query-suggestions': 5.13.0
      '@algolia/client-search': 5.13.0
      '@algolia/ingestion': 1.13.0
      '@algolia/monitoring': 1.13.0
      '@algolia/recommend': 5.13.0
      '@algolia/requester-browser-xhr': 5.13.0
      '@algolia/requester-fetch': 5.13.0
      '@algolia/requester-node-http': 5.13.0

  arg@5.0.2: {}

  balanced-match@1.0.2: {}

  body-scroll-lock@3.1.5: {}

  body-scroll-lock@4.0.0-beta.0: {}

  brace-expansion@1.1.11:
    dependencies:
      balanced-match: 1.0.2
      concat-map: 0.0.1

  buffer-from@1.1.2: {}

  commander@2.20.3: {}

  concat-map@0.0.1: {}

  csstype@3.1.3: {}

  entities@4.5.0: {}

  esbuild-android-64@0.15.18:
    optional: true

  esbuild-android-arm64@0.15.18:
    optional: true

  esbuild-darwin-64@0.15.18:
    optional: true

  esbuild-darwin-arm64@0.15.18:
    optional: true

  esbuild-freebsd-64@0.15.18:
    optional: true

  esbuild-freebsd-arm64@0.15.18:
    optional: true

  esbuild-linux-32@0.15.18:
    optional: true

  esbuild-linux-64@0.15.18:
    optional: true

  esbuild-linux-arm64@0.15.18:
    optional: true

  esbuild-linux-arm@0.15.18:
    optional: true

  esbuild-linux-mips64le@0.15.18:
    optional: true

  esbuild-linux-ppc64le@0.15.18:
    optional: true

  esbuild-linux-riscv64@0.15.18:
    optional: true

  esbuild-linux-s390x@0.15.18:
    optional: true

  esbuild-netbsd-64@0.15.18:
    optional: true

  esbuild-openbsd-64@0.15.18:
    optional: true

  esbuild-sunos-64@0.15.18:
    optional: true

  esbuild-windows-32@0.15.18:
    optional: true

  esbuild-windows-64@0.15.18:
    optional: true

  esbuild-windows-arm64@0.15.18:
    optional: true

  esbuild@0.15.18:
    optionalDependencies:
      '@esbuild/android-arm': 0.15.18
      '@esbuild/linux-loong64': 0.15.18
      esbuild-android-64: 0.15.18
      esbuild-android-arm64: 0.15.18
      esbuild-darwin-64: 0.15.18
      esbuild-darwin-arm64: 0.15.18
      esbuild-freebsd-64: 0.15.18
      esbuild-freebsd-arm64: 0.15.18
      esbuild-linux-32: 0.15.18
      esbuild-linux-64: 0.15.18
      esbuild-linux-arm: 0.15.18
      esbuild-linux-arm64: 0.15.18
      esbuild-linux-mips64le: 0.15.18
      esbuild-linux-ppc64le: 0.15.18
      esbuild-linux-riscv64: 0.15.18
      esbuild-linux-s390x: 0.15.18
      esbuild-netbsd-64: 0.15.18
      esbuild-openbsd-64: 0.15.18
      esbuild-sunos-64: 0.15.18
      esbuild-windows-32: 0.15.18
      esbuild-windows-64: 0.15.18
      esbuild-windows-arm64: 0.15.18

  estree-walker@2.0.2: {}

  fs.realpath@1.0.0: {}

  fsevents@2.3.3:
    optional: true

  function-bind@1.1.2: {}

  glob@7.2.3:
    dependencies:
      fs.realpath: 1.0.0
      inflight: 1.0.6
      inherits: 2.0.4
      minimatch: 3.1.2
      once: 1.4.0
      path-is-absolute: 1.0.1

  hasown@2.0.2:
    dependencies:
      function-bind: 1.1.2

  inflight@1.0.6:
    dependencies:
      once: 1.4.0
      wrappy: 1.0.2

  inherits@2.0.4: {}

  is-core-module@2.15.1:
    dependencies:
      hasown: 2.0.2

  jsonc-parser@3.3.1: {}

  magic-string@0.30.12:
    dependencies:
      '@jridgewell/sourcemap-codec': 1.5.0

  medium-zoom@1.1.0: {}

  minimatch@3.1.2:
    dependencies:
      brace-expansion: 1.1.11

  nanoid@3.3.7: {}

  normalize.css@8.0.1: {}

  once@1.4.0:
    dependencies:
      wrappy: 1.0.2

  path-is-absolute@1.0.1: {}

  path-parse@1.0.7: {}

  picocolors@1.1.1: {}

  postcss@8.4.49:
    dependencies:
      nanoid: 3.3.7
      picocolors: 1.1.1
      source-map-js: 1.2.1

  preact@10.24.3: {}

  resolve@1.22.8:
    dependencies:
      is-core-module: 2.15.1
      path-parse: 1.0.7
      supports-preserve-symlinks-flag: 1.0.0

  rimraf@3.0.2:
    dependencies:
      glob: 7.2.3

  rollup@2.79.2:
    optionalDependencies:
      fsevents: 2.3.3

  sax@1.4.1: {}

  search-insights@2.17.2: {}

  shiki@0.11.1:
    dependencies:
      jsonc-parser: 3.3.1
      vscode-oniguruma: 1.7.0
      vscode-textmate: 6.0.0

  sitemap@7.1.2:
    dependencies:
      '@types/node': 17.0.45
      '@types/sax': 1.2.7
      arg: 5.0.2
      sax: 1.4.1

  source-map-js@1.2.1: {}

  source-map-support@0.5.21:
    dependencies:
      buffer-from: 1.1.2
      source-map: 0.6.1

  source-map@0.6.1: {}

  supports-preserve-symlinks-flag@1.0.0: {}

  terser@5.36.0:
    dependencies:
      '@jridgewell/source-map': 0.3.6
      acorn: 8.14.0
      commander: 2.20.3
      source-map-support: 0.5.21

  vite@3.2.11(@types/node@17.0.45)(terser@5.36.0):
    dependencies:
      esbuild: 0.15.18
      postcss: 8.4.49
      resolve: 1.22.8
      rollup: 2.79.2
    optionalDependencies:
      '@types/node': 17.0.45
      fsevents: 2.3.3
      terser: 5.36.0

  vitepress@1.0.0-alpha.13(@algolia/client-search@5.13.0)(@types/node@17.0.45)(search-insights@2.17.2)(terser@5.36.0):
    dependencies:
      '@docsearch/css': 3.7.0
      '@docsearch/js': 3.7.0(@algolia/client-search@5.13.0)(search-insights@2.17.2)
      '@vitejs/plugin-vue': 3.2.0(vite@3.2.11(@types/node@17.0.45)(terser@5.36.0))(vue@3.5.12)
      '@vue/devtools-api': 6.6.4
      '@vueuse/core': 9.13.0(vue@3.5.12)
      body-scroll-lock: 4.0.0-beta.0
      shiki: 0.11.1
      vite: 3.2.11(@types/node@17.0.45)(terser@5.36.0)
      vue: 3.5.12
    transitivePeerDependencies:
      - '@algolia/client-search'
      - '@types/node'
      - '@types/react'
      - '@vue/composition-api'
      - less
      - react
      - react-dom
      - sass
      - search-insights
      - stylus
      - sugarss
      - terser
      - typescript

  vscode-oniguruma@1.7.0: {}

  vscode-textmate@6.0.0: {}

  vue-demi@0.14.10(vue@3.5.12):
    dependencies:
      vue: 3.5.12

  vue@3.5.12:
    dependencies:
      '@vue/compiler-dom': 3.5.12
      '@vue/compiler-sfc': 3.5.12
      '@vue/runtime-dom': 3.5.12
      '@vue/server-renderer': 3.5.12(vue@3.5.12)
      '@vue/shared': 3.5.12

  wrappy@1.0.2: {}
